// !$*UTF8*$!
{
	archiveVersion = 1;
	classes = {
	};
	objectVersion = 46;
	objects = {

/* Begin PBXBuildFile section */
		293FB58D19AC94F3006F047E /* Foundation.framework in Frameworks */ = {isa = PBXBuildFile; fileRef = 293FB58C19AC94F3006F047E /* Foundation.framework */; };
		293FB58F19AC94F3006F047E /* CoreGraphics.framework in Frameworks */ = {isa = PBXBuildFile; fileRef = 293FB58E19AC94F3006F047E /* CoreGraphics.framework */; };
		293FB59119AC94F3006F047E /* UIKit.framework in Frameworks */ = {isa = PBXBuildFile; fileRef = 293FB59019AC94F3006F047E /* UIKit.framework */; };
		293FB59719AC94F3006F047E /* InfoPlist.strings in Resources */ = {isa = PBXBuildFile; fileRef = 293FB59519AC94F3006F047E /* InfoPlist.strings */; };
		293FB59919AC94F3006F047E /* main.m in Sources */ = {isa = PBXBuildFile; fileRef = 293FB59819AC94F3006F047E /* main.m */; };
		293FB59D19AC94F3006F047E /* SDAppDelegate.m in Sources */ = {isa = PBXBuildFile; fileRef = 293FB59C19AC94F3006F047E /* SDAppDelegate.m */; };
		293FB5A019AC94F3006F047E /* Main.storyboard in Resources */ = {isa = PBXBuildFile; fileRef = 293FB59E19AC94F3006F047E /* Main.storyboard */; };
		293FB5A319AC94F3006F047E /* SDViewController.m in Sources */ = {isa = PBXBuildFile; fileRef = 293FB5A219AC94F3006F047E /* SDViewController.m */; };
		293FB5A519AC94F3006F047E /* Images.xcassets in Resources */ = {isa = PBXBuildFile; fileRef = 293FB5A419AC94F3006F047E /* Images.xcassets */; };
		293FB5AC19AC94F3006F047E /* XCTest.framework in Frameworks */ = {isa = PBXBuildFile; fileRef = 293FB5AB19AC94F3006F047E /* XCTest.framework */; };
		293FB5AD19AC94F3006F047E /* Foundation.framework in Frameworks */ = {isa = PBXBuildFile; fileRef = 293FB58C19AC94F3006F047E /* Foundation.framework */; };
		293FB5AE19AC94F3006F047E /* UIKit.framework in Frameworks */ = {isa = PBXBuildFile; fileRef = 293FB59019AC94F3006F047E /* UIKit.framework */; };
		293FB5B619AC94F3006F047E /* InfoPlist.strings in Resources */ = {isa = PBXBuildFile; fileRef = 293FB5B419AC94F3006F047E /* InfoPlist.strings */; };
		293FB5B819AC94F3006F047E /* Git_TestTests.m in Sources */ = {isa = PBXBuildFile; fileRef = 293FB5B719AC94F3006F047E /* Git_TestTests.m */; };
		293FB5C319AC9CEB006F047E /* SDTest.m in Sources */ = {isa = PBXBuildFile; fileRef = 293FB5C219AC9CEB006F047E /* SDTest.m */; };
/* End PBXBuildFile section */

/* Begin PBXContainerItemProxy section */
		293FB5AF19AC94F3006F047E /* PBXContainerItemProxy */ = {
			isa = PBXContainerItemProxy;
			containerPortal = 293FB58119AC94F3006F047E /* Project object */;
			proxyType = 1;
			remoteGlobalIDString = 293FB58819AC94F3006F047E;
			remoteInfo = "Git Test";
		};
/* End PBXContainerItemProxy section */

/* Begin PBXFileReference section */
		293FB58919AC94F3006F047E /* Git Test.app */ = {isa = PBXFileReference; explicitFileType = wrapper.application; includeInIndex = 0; path = "Git Test.app"; sourceTree = BUILT_PRODUCTS_DIR; };
		293FB58C19AC94F3006F047E /* Foundation.framework */ = {isa = PBXFileReference; lastKnownFileType = wrapper.framework; name = Foundation.framework; path = System/Library/Frameworks/Foundation.framework; sourceTree = SDKROOT; };
		293FB58E19AC94F3006F047E /* CoreGraphics.framework */ = {isa = PBXFileReference; lastKnownFileType = wrapper.framework; name = CoreGraphics.framework; path = System/Library/Frameworks/CoreGraphics.framework; sourceTree = SDKROOT; };
		293FB59019AC94F3006F047E /* UIKit.framework */ = {isa = PBXFileReference; lastKnownFileType = wrapper.framework; name = UIKit.framework; path = System/Library/Frameworks/UIKit.framework; sourceTree = SDKROOT; };
		293FB59419AC94F3006F047E /* Git Test-Info.plist */ = {isa = PBXFileReference; lastKnownFileType = text.plist.xml; path = "Git Test-Info.plist"; sourceTree = "<group>"; };
		293FB59619AC94F3006F047E /* en */ = {isa = PBXFileReference; lastKnownFileType = text.plist.strings; name = en; path = en.lproj/InfoPlist.strings; sourceTree = "<group>"; };
		293FB59819AC94F3006F047E /* main.m */ = {isa = PBXFileReference; lastKnownFileType = sourcecode.c.objc; path = main.m; sourceTree = "<group>"; };
		293FB59A19AC94F3006F047E /* Git Test-Prefix.pch */ = {isa = PBXFileReference; lastKnownFileType = sourcecode.c.h; path = "Git Test-Prefix.pch"; sourceTree = "<group>"; };
		293FB59B19AC94F3006F047E /* SDAppDelegate.h */ = {isa = PBXFileReference; lastKnownFileType = sourcecode.c.h; path = SDAppDelegate.h; sourceTree = "<group>"; };
		293FB59C19AC94F3006F047E /* SDAppDelegate.m */ = {isa = PBXFileReference; lastKnownFileType = sourcecode.c.objc; path = SDAppDelegate.m; sourceTree = "<group>"; };
		293FB59F19AC94F3006F047E /* Base */ = {isa = PBXFileReference; lastKnownFileType = file.storyboard; name = Base; path = Base.lproj/Main.storyboard; sourceTree = "<group>"; };
		293FB5A119AC94F3006F047E /* SDViewController.h */ = {isa = PBXFileReference; lastKnownFileType = sourcecode.c.h; path = SDViewController.h; sourceTree = "<group>"; };
		293FB5A219AC94F3006F047E /* SDViewController.m */ = {isa = PBXFileReference; lastKnownFileType = sourcecode.c.objc; path = SDViewController.m; sourceTree = "<group>"; };
		293FB5A419AC94F3006F047E /* Images.xcassets */ = {isa = PBXFileReference; lastKnownFileType = folder.assetcatalog; path = Images.xcassets; sourceTree = "<group>"; };
		293FB5AA19AC94F3006F047E /* Git TestTests.xctest */ = {isa = PBXFileReference; explicitFileType = wrapper.cfbundle; includeInIndex = 0; path = "Git TestTests.xctest"; sourceTree = BUILT_PRODUCTS_DIR; };
		293FB5AB19AC94F3006F047E /* XCTest.framework */ = {isa = PBXFileReference; lastKnownFileType = wrapper.framework; name = XCTest.framework; path = Library/Frameworks/XCTest.framework; sourceTree = DEVELOPER_DIR; };
		293FB5B319AC94F3006F047E /* Git TestTests-Info.plist */ = {isa = PBXFileReference; lastKnownFileType = text.plist.xml; path = "Git TestTests-Info.plist"; sourceTree = "<group>"; };
		293FB5B519AC94F3006F047E /* en */ = {isa = PBXFileReference; lastKnownFileType = text.plist.strings; name = en; path = en.lproj/InfoPlist.strings; sourceTree = "<group>"; };
		293FB5B719AC94F3006F047E /* Git_TestTests.m */ = {isa = PBXFileReference; lastKnownFileType = sourcecode.c.objc; path = Git_TestTests.m; sourceTree = "<group>"; };
		293FB5C119AC9CEB006F047E /* SDTest.h */ = {isa = PBXFileReference; fileEncoding = 4; lastKnownFileType = sourcecode.c.h; path = SDTest.h; sourceTree = "<group>"; };
		293FB5C219AC9CEB006F047E /* SDTest.m */ = {isa = PBXFileReference; fileEncoding = 4; lastKnownFileType = sourcecode.c.objc; path = SDTest.m; sourceTree = "<group>"; };
/* End PBXFileReference section */

/* Begin PBXFrameworksBuildPhase section */
		293FB58619AC94F3006F047E /* Frameworks */ = {
			isa = PBXFrameworksBuildPhase;
			buildActionMask = 2147483647;
			files = (
				293FB58F19AC94F3006F047E /* CoreGraphics.framework in Frameworks */,
				293FB59119AC94F3006F047E /* UIKit.framework in Frameworks */,
				293FB58D19AC94F3006F047E /* Foundation.framework in Frameworks */,
			);
			runOnlyForDeploymentPostprocessing = 0;
		};
		293FB5A719AC94F3006F047E /* Frameworks */ = {
			isa = PBXFrameworksBuildPhase;
			buildActionMask = 2147483647;
			files = (
				293FB5AC19AC94F3006F047E /* XCTest.framework in Frameworks */,
				293FB5AE19AC94F3006F047E /* UIKit.framework in Frameworks */,
				293FB5AD19AC94F3006F047E /* Foundation.framework in Frameworks */,
			);
			runOnlyForDeploymentPostprocessing = 0;
		};
/* End PBXFrameworksBuildPhase section */

/* Begin PBXGroup section */
		293FB58019AC94F3006F047E = {
			isa = PBXGroup;
			children = (
				293FB5C119AC9CEB006F047E /* SDTest.h */,
				293FB5C219AC9CEB006F047E /* SDTest.m */,
				293FB59219AC94F3006F047E /* Git Test */,
				293FB5B119AC94F3006F047E /* Git TestTests */,
				293FB58B19AC94F3006F047E /* Frameworks */,
				293FB58A19AC94F3006F047E /* Products */,
			);
			sourceTree = "<group>";
		};
		293FB58A19AC94F3006F047E /* Products */ = {
			isa = PBXGroup;
			children = (
				293FB58919AC94F3006F047E /* Git Test.app */,
				293FB5AA19AC94F3006F047E /* Git TestTests.xctest */,
			);
			name = Products;
			sourceTree = "<group>";
		};
		293FB58B19AC94F3006F047E /* Frameworks */ = {
			isa = PBXGroup;
			children = (
				293FB58C19AC94F3006F047E /* Foundation.framework */,
				293FB58E19AC94F3006F047E /* CoreGraphics.framework */,
				293FB59019AC94F3006F047E /* UIKit.framework */,
				293FB5AB19AC94F3006F047E /* XCTest.framework */,
			);
			name = Frameworks;
			sourceTree = "<group>";
		};
		293FB59219AC94F3006F047E /* Git Test */ = {
			isa = PBXGroup;
			children = (
				293FB59B19AC94F3006F047E /* SDAppDelegate.h */,
				293FB59C19AC94F3006F047E /* SDAppDelegate.m */,
				293FB59E19AC94F3006F047E /* Main.storyboard */,
				293FB5A119AC94F3006F047E /* SDViewController.h */,
				293FB5A219AC94F3006F047E /* SDViewController.m */,
				293FB5A419AC94F3006F047E /* Images.xcassets */,
				293FB59319AC94F3006F047E /* Supporting Files */,
			);
			path = "Git Test";
			sourceTree = "<group>";
		};
		293FB59319AC94F3006F047E /* Supporting Files */ = {
			isa = PBXGroup;
			children = (
				293FB59419AC94F3006F047E /* Git Test-Info.plist */,
				293FB59519AC94F3006F047E /* InfoPlist.strings */,
				293FB59819AC94F3006F047E /* main.m */,
				293FB59A19AC94F3006F047E /* Git Test-Prefix.pch */,
			);
			name = "Supporting Files";
			sourceTree = "<group>";
		};
		293FB5B119AC94F3006F047E /* Git TestTests */ = {
			isa = PBXGroup;
			children = (
				293FB5B719AC94F3006F047E /* Git_TestTests.m */,
				293FB5B219AC94F3006F047E /* Supporting Files */,
			);
			path = "Git TestTests";
			sourceTree = "<group>";
		};
		293FB5B219AC94F3006F047E /* Supporting Files */ = {
			isa = PBXGroup;
			children = (
				293FB5B319AC94F3006F047E /* Git TestTests-Info.plist */,
				293FB5B419AC94F3006F047E /* InfoPlist.strings */,
			);
			name = "Supporting Files";
			sourceTree = "<group>";
		};
/* End PBXGroup section */

/* Begin PBXNativeTarget section */
		293FB58819AC94F3006F047E /* Git Test */ = {
			isa = PBXNativeTarget;
			buildConfigurationList = 293FB5BB19AC94F3006F047E /* Build configuration list for PBXNativeTarget "Git Test" */;
			buildPhases = (
				293FB58519AC94F3006F047E /* Sources */,
				293FB58619AC94F3006F047E /* Frameworks */,
				293FB58719AC94F3006F047E /* Resources */,
			);
			buildRules = (
			);
			dependencies = (
			);
			name = "Git Test";
			productName = "Git Test";
			productReference = 293FB58919AC94F3006F047E /* Git Test.app */;
			productType = "com.apple.product-type.application";
		};
		293FB5A919AC94F3006F047E /* Git TestTests */ = {
			isa = PBXNativeTarget;
			buildConfigurationList = 293FB5BE19AC94F3006F047E /* Build configuration list for PBXNativeTarget "Git TestTests" */;
			buildPhases = (
				293FB5A619AC94F3006F047E /* Sources */,
				293FB5A719AC94F3006F047E /* Frameworks */,
				293FB5A819AC94F3006F047E /* Resources */,
			);
			buildRules = (
			);
			dependencies = (
				293FB5B019AC94F3006F047E /* PBXTargetDependency */,
			);
			name = "Git TestTests";
			productName = "Git TestTests";
			productReference = 293FB5AA19AC94F3006F047E /* Git TestTests.xctest */;
			productType = "com.apple.product-type.bundle.unit-test";
		};
/* End PBXNativeTarget section */

/* Begin PBXProject section */
		293FB58119AC94F3006F047E /* Project object */ = {
			isa = PBXProject;
			attributes = {
				CLASSPREFIX = SD;
				LastUpgradeCheck = 0510;
				ORGANIZATIONNAME = "Spartanic Designs";
				TargetAttributes = {
					293FB5A919AC94F3006F047E = {
						TestTargetID = 293FB58819AC94F3006F047E;
					};
				};
			};
			buildConfigurationList = 293FB58419AC94F3006F047E /* Build configuration list for PBXProject "Git Test" */;
			compatibilityVersion = "Xcode 3.2";
			developmentRegion = English;
			hasScannedForEncodings = 0;
			knownRegions = (
				en,
				Base,
			);
			mainGroup = 293FB58019AC94F3006F047E;
			productRefGroup = 293FB58A19AC94F3006F047E /* Products */;
			projectDirPath = "";
			projectRoot = "";
			targets = (
				293FB58819AC94F3006F047E /* Git Test */,
				293FB5A919AC94F3006F047E /* Git TestTests */,
			);
		};
/* End PBXProject section */

/* Begin PBXResourcesBuildPhase section */
		293FB58719AC94F3006F047E /* Resources */ = {
			isa = PBXResourcesBuildPhase;
			buildActionMask = 2147483647;
			files = (
				293FB5A519AC94F3006F047E /* Images.xcassets in Resources */,
				293FB59719AC94F3006F047E /* InfoPlist.strings in Resources */,
				293FB5A019AC94F3006F047E /* Main.storyboard in Resources */,
			);
			runOnlyForDeploymentPostprocessing = 0;
		};
		293FB5A819AC94F3006F047E /* Resources */ = {
			isa = PBXResourcesBuildPhase;
			buildActionMask = 2147483647;
			files = (
				293FB5B619AC94F3006F047E /* InfoPlist.strings in Resources */,
			);
			runOnlyForDeploymentPostprocessing = 0;
		};
/* End PBXResourcesBuildPhase section */

/* Begin PBXSourcesBuildPhase section */
		293FB58519AC94F3006F047E /* Sources */ = {
			isa = PBXSourcesBuildPhase;
			buildActionMask = 2147483647;
			files = (
				293FB59919AC94F3006F047E /* main.m in Sources */,
				293FB5A319AC94F3006F047E /* SDViewController.m in Sources */,
				293FB5C319AC9CEB006F047E /* SDTest.m in Sources */,
				293FB59D19AC94F3006F047E /* SDAppDelegate.m in Sources */,
			);
			runOnlyForDeploymentPostprocessing = 0;
		};
		293FB5A619AC94F3006F047E /* Sources */ = {
			isa = PBXSourcesBuildPhase;
			buildActionMask = 2147483647;
			files = (
				293FB5B819AC94F3006F047E /* Git_TestTests.m in Sources */,
			);
			runOnlyForDeploymentPostprocessing = 0;
		};
/* End PBXSourcesBuildPhase section */

/* Begin PBXTargetDependency section */
		293FB5B019AC94F3006F047E /* PBXTargetDependency */ = {
			isa = PBXTargetDependency;
			target = 293FB58819AC94F3006F047E /* Git Test */;
			targetProxy = 293FB5AF19AC94F3006F047E /* PBXContainerItemProxy */;
		};
/* End PBXTargetDependency section */

/* Begin PBXVariantGroup section */
		293FB59519AC94F3006F047E /* InfoPlist.strings */ = {
			isa = PBXVariantGroup;
			children = (
				293FB59619AC94F3006F047E /* en */,
			);
			name = InfoPlist.strings;
			sourceTree = "<group>";
		};
		293FB59E19AC94F3006F047E /* Main.storyboard */ = {
			isa = PBXVariantGroup;
			children = (
				293FB59F19AC94F3006F047E /* Base */,
			);
			name = Main.storyboard;
			sourceTree = "<group>";
		};
		293FB5B419AC94F3006F047E /* InfoPlist.strings */ = {
			isa = PBXVariantGroup;
			children = (
				293FB5B519AC94F3006F047E /* en */,
			);
			name = InfoPlist.strings;
			sourceTree = "<group>";
		};
/* End PBXVariantGroup section */

/* Begin XCBuildConfiguration section */
		293FB5B919AC94F3006F047E /* Debug */ = {
			isa = XCBuildConfiguration;
			buildSettings = {
				ALWAYS_SEARCH_USER_PATHS = NO;
				CLANG_CXX_LANGUAGE_STANDARD = "gnu++0x";
				CLANG_CXX_LIBRARY = "libc++";
				CLANG_ENABLE_MODULES = YES;
				CLANG_ENABLE_OBJC_ARC = YES;
				CLANG_WARN_BOOL_CONVERSION = YES;
				CLANG_WARN_CONSTANT_CONVERSION = YES;
				CLANG_WARN_DIRECT_OBJC_ISA_USAGE = YES_ERROR;
				CLANG_WARN_EMPTY_BODY = YES;
				CLANG_WARN_ENUM_CONVERSION = YES;
				CLANG_WARN_INT_CONVERSION = YES;
				CLANG_WARN_OBJC_ROOT_CLASS = YES_ERROR;
				CLANG_WARN__DUPLICATE_METHOD_MATCH = YES;
				"CODE_SIGN_IDENTITY[sdk=iphoneos*]" = "iPhone Developer";
				COPY_PHASE_STRIP = NO;
				GCC_C_LANGUAGE_STANDARD = gnu99;
				GCC_DYNAMIC_NO_PIC = NO;
				GCC_OPTIMIZATION_LEVEL = 0;
				GCC_PREPROCESSOR_DEFINITIONS = (
					"DEBUG=1",
					"$(inherited)",
				);
				GCC_SYMBOLS_PRIVATE_EXTERN = NO;
				GCC_WARN_64_TO_32_BIT_CONVERSION = YES;
				GCC_WARN_ABOUT_RETURN_TYPE = YES_ERROR;
				GCC_WARN_UNDECLARED_SELECTOR = YES;
				GCC_WARN_UNINITIALIZED_AUTOS = YES_AGGRESSIVE;
				GCC_WARN_UNUSED_FUNCTION = YES;
				GCC_WARN_UNUSED_VARIABLE = YES;
				IPHONEOS_DEPLOYMENT_TARGET = 7.1;
				ONLY_ACTIVE_ARCH = YES;
				SDKROOT = iphoneos;
			};
			name = Debug;
		};
		293FB5BA19AC94F3006F047E /* Release */ = {
			isa = XCBuildConfiguration;
			buildSettings = {
				ALWAYS_SEARCH_USER_PATHS = NO;
				CLANG_CXX_LANGUAGE_STANDARD = "gnu++0x";
				CLANG_CXX_LIBRARY = "libc++";
				CLANG_ENABLE_MODULES = YES;
				CLANG_ENABLE_OBJC_ARC = YES;
				CLANG_WARN_BOOL_CONVERSION = YES;
				CLANG_WARN_CONSTANT_CONVERSION = YES;
				CLANG_WARN_DIRECT_OBJC_ISA_USAGE = YES_ERROR;
				CLANG_WARN_EMPTY_BODY = YES;
				CLANG_WARN_ENUM_CONVERSION = YES;
				CLANG_WARN_INT_CONVERSION = YES;
				CLANG_WARN_OBJC_ROOT_CLASS = YES_ERROR;
				CLANG_WARN__DUPLICATE_METHOD_MATCH = YES;
				"CODE_SIGN_IDENTITY[sdk=iphoneos*]" = "iPhone Developer";
				COPY_PHASE_STRIP = YES;
				ENABLE_NS_ASSERTIONS = NO;
				GCC_C_LANGUAGE_STANDARD = gnu99;
				GCC_WARN_64_TO_32_BIT_CONVERSION = YES;
				GCC_WARN_ABOUT_RETURN_TYPE = YES_ERROR;
				GCC_WARN_UNDECLARED_SELECTOR = YES;
				GCC_WARN_UNINITIALIZED_AUTOS = YES_AGGRESSIVE;
				GCC_WARN_UNUSED_FUNCTION = YES;
				GCC_WARN_UNUSED_VARIABLE = YES;
				IPHONEOS_DEPLOYMENT_TARGET = 7.1;
				SDKROOT = iphoneos;
				VALIDATE_PRODUCT = YES;
			};
			name = Release;
		};
		293FB5BC19AC94F3006F047E /* Debug */ = {
			isa = XCBuildConfiguration;
			buildSettings = {
				ASSETCATALOG_COMPILER_APPICON_NAME = AppIcon;
				ASSETCATALOG_COMPILER_LAUNCHIMAGE_NAME = LaunchImage;
				GCC_PRECOMPILE_PREFIX_HEADER = YES;
				GCC_PREFIX_HEADER = "Git Test/Git Test-Prefix.pch";
				INFOPLIST_FILE = "Git Test/Git Test-Info.plist";
				PRODUCT_NAME = "$(TARGET_NAME)";
				WRAPPER_EXTENSION = app;
			};
			name = Debug;
		};
		293FB5BD19AC94F3006F047E /* Release */ = {
			isa = XCBuildConfiguration;
			buildSettings = {
				ASSETCATALOG_COMPILER_APPICON_NAME = AppIcon;
				ASSETCATALOG_COMPILER_LAUNCHIMAGE_NAME = LaunchImage;
				GCC_PRECOMPILE_PREFIX_HEADER = YES;
				GCC_PREFIX_HEADER = "Git Test/Git Test-Prefix.pch";
				INFOPLIST_FILE = "Git Test/Git Test-Info.plist";
				PRODUCT_NAME = "$(TARGET_NAME)";
				WRAPPER_EXTENSION = app;
			};
			name = Release;
		};
		293FB5BF19AC94F3006F047E /* Debug */ = {
			isa = XCBuildConfiguration;
			buildSettings = {
				BUNDLE_LOADER = "$(BUILT_PRODUCTS_DIR)/Git Test.app/Git Test";
				FRAMEWORK_SEARCH_PATHS = (
					"$(SDKROOT)/Developer/Library/Frameworks",
					"$(inherited)",
					"$(DEVELOPER_FRAMEWORKS_DIR)",
				);
				GCC_PRECOMPILE_PREFIX_HEADER = YES;
				GCC_PREFIX_HEADER = "Git Test/Git Test-Prefix.pch";
				GCC_PREPROCESSOR_DEFINITIONS = (
					"DEBUG=1",
					"$(inherited)",
				);
				INFOPLIST_FILE = "Git TestTests/Git TestTests-Info.plist";
				PRODUCT_NAME = "$(TARGET_NAME)";
				TEST_HOST = "$(BUNDLE_LOADER)";
				WRAPPER_EXTENSION = xctest;
			};
			name = Debug;
		};
		293FB5C019AC94F3006F047E /* Release */ = {
			isa = XCBuildConfiguration;
			buildSettings = {
				BUNDLE_LOADER = "$(BUILT_PRODUCTS_DIR)/Git Test.app/Git Test";
				FRAMEWORK_SEARCH_PATHS = (
					"$(SDKROOT)/Developer/Library/Frameworks",
					"$(inherited)",
					"$(DEVELOPER_FRAMEWORKS_DIR)",
				);
				GCC_PRECOMPILE_PREFIX_HEADER = YES;
				GCC_PREFIX_HEADER = "Git Test/Git Test-Prefix.pch";
				INFOPLIST_FILE = "Git TestTests/Git TestTests-Info.plist";
				PRODUCT_NAME = "$(TARGET_NAME)";
				TEST_HOST = "$(BUNDLE_LOADER)";
				WRAPPER_EXTENSION = xctest;
			};
			name = Release;
		};
/* End XCBuildConfiguration section */

/* Begin XCConfigurationList section */
		293FB58419AC94F3006F047E /* Build configuration list for PBXProject "Git Test" */ = {
			isa = XCConfigurationList;
			buildConfigurations = (
				293FB5B919AC94F3006F047E /* Debug */,
				293FB5BA19AC94F3006F047E /* Release */,
			);
			defaultConfigurationIsVisible = 0;
			defaultConfigurationName = Release;
		};
		293FB5BB19AC94F3006F047E /* Build configuration list for PBXNativeTarget "Git Test" */ = {
			isa = XCConfigurationList;
			buildConfigurations = (
				293FB5BC19AC94F3006F047E /* Debug */,
				293FB5BD19AC94F3006F047E /* Release */,
			);
			defaultConfigurationIsVisible = 0;
		};
		293FB5BE19AC94F3006F047E /* Build configuration list for PBXNativeTarget "Git TestTests" */ = {
			isa = XCConfigurationList;
			buildConfigurations = (
				293FB5BF19AC94F3006F047E /* Debug */,
				293FB5C019AC94F3006F047E /* Release */,
			);
			defaultConfigurationIsVisible = 0;
		};
/* End XCConfigurationList section */
	};
	rootObject = 293FB58119AC94F3006F047E /* Project object */;
}
